
Microsoft Visual Studio Solution File, Format Version 12.00
# Visual Studio Version 16
VisualStudioVersion = 16.0.31321.278
MinimumVisualStudioVersion = 10.0.40219.1
Project("{FAE04EC0-301F-11D3-BF4B-00C04F79EFBC}") = "MatchOdds.Api", "MatchOdds.Api\MatchOdds.Api.csproj", "{9B903342-A7E0-44F5-88C7-4F5BCA86AFD4}"
EndProject
Project("{FAE04EC0-301F-11D3-BF4B-00C04F79EFBC}") = "MatchOdds.Data", "MatchOdds.Data\MatchOdds.Data.csproj", "{B156F511-F40E-4373-8CE1-5BFCC7ED9A39}"
EndProject
Global
	GlobalSection(SolutionConfigurationPlatforms) = preSolution
		Debug|Any CPU = Debug|Any CPU
		Release|Any CPU = Release|Any CPU
	EndGlobalSection
	GlobalSection(ProjectConfigurationPlatforms) = postSolution
		{9B903342-A7E0-44F5-88C7-4F5BCA86AFD4}.Debug|Any CPU.ActiveCfg = Debug|Any CPU
		{9B903342-A7E0-44F5-88C7-4F5BCA86AFD4}.Debug|Any CPU.Build.0 = Debug|Any CPU
		{9B903342-A7E0-44F5-88C7-4F5BCA86AFD4}.Release|Any CPU.ActiveCfg = Release|Any CPU
		{9B903342-A7E0-44F5-88C7-4F5BCA86AFD4}.Release|Any CPU.Build.0 = Release|Any CPU
		{B156F511-F40E-4373-8CE1-5BFCC7ED9A39}.Debug|Any CPU.ActiveCfg = Debug|Any CPU
		{B156F511-F40E-4373-8CE1-5BFCC7ED9A39}.Debug|Any CPU.Build.0 = Debug|Any CPU
		{B156F511-F40E-4373-8CE1-5BFCC7ED9A39}.Release|Any CPU.ActiveCfg = Release|Any CPU
		{B156F511-F40E-4373-8CE1-5BFCC7ED9A39}.Release|Any CPU.Build.0 = Release|Any CPU
	EndGlobalSection
	GlobalSection(SolutionProperties) = preSolution
		HideSolutionNode = FALSE
	EndGlobalSection
	GlobalSection(ExtensibilityGlobals) = postSolution
		SolutionGuid = {EDD5C812-5442-4E85-A951-E225FD20D390}
	EndGlobalSection
EndGlobal
